
Microsoft Visual Studio Solution File, Format Version 12.00
# Visual Studio 2012
Project("{FAE04EC0-301F-11D3-BF4B-00C04F79EFBC}") = "Cascade.Web", "Cascade.Web\Cascade.Web.csproj", "{BF879E3D-8F29-4943-AEDB-A812B5AD5A5C}"
EndProject
Project("{FAE04EC0-301F-11D3-BF4B-00C04F79EFBC}") = "Cascade.UI.Controls", "Cascade.UI.Controls\Cascade.UI.Controls.csproj", "{63DD875F-FD8E-4ABB-9767-E18CDAEEE264}"
EndProject
Project("{FAE04EC0-301F-11D3-BF4B-00C04F79EFBC}") = "Cascade.Charts", "Cascade.Charts\Cascade.Charts.csproj", "{13C56C12-FB83-48EA-8CAF-0860CBB85138}"
EndProject
Project("{FAE04EC0-301F-11D3-BF4B-00C04F79EFBC}") = "Cascade.Data", "Cascade.Data\Cascade.Data.csproj", "{6E2CC1E1-583D-4647-A6BD-266B25BD3FD2}"
EndProject
Project("{FAE04EC0-301F-11D3-BF4B-00C04F79EFBC}") = "Cascade.Helpers", "Cascade.Helpers\Cascade.Helpers.csproj", "{2E52E329-3B7F-4538-BE56-D15B56DB8D4B}"
EndProject
Global
	GlobalSection(SolutionConfigurationPlatforms) = preSolution
		Debug|Any CPU = Debug|Any CPU
		Release|Any CPU = Release|Any CPU
	EndGlobalSection
	GlobalSection(ProjectConfigurationPlatforms) = postSolution
		{BF879E3D-8F29-4943-AEDB-A812B5AD5A5C}.Debug|Any CPU.ActiveCfg = Debug|Any CPU
		{BF879E3D-8F29-4943-AEDB-A812B5AD5A5C}.Debug|Any CPU.Build.0 = Debug|Any CPU
		{BF879E3D-8F29-4943-AEDB-A812B5AD5A5C}.Release|Any CPU.ActiveCfg = Release|Any CPU
		{BF879E3D-8F29-4943-AEDB-A812B5AD5A5C}.Release|Any CPU.Build.0 = Release|Any CPU
		{63DD875F-FD8E-4ABB-9767-E18CDAEEE264}.Debug|Any CPU.ActiveCfg = Debug|Any CPU
		{63DD875F-FD8E-4ABB-9767-E18CDAEEE264}.Debug|Any CPU.Build.0 = Debug|Any CPU
		{63DD875F-FD8E-4ABB-9767-E18CDAEEE264}.Release|Any CPU.ActiveCfg = Release|Any CPU
		{63DD875F-FD8E-4ABB-9767-E18CDAEEE264}.Release|Any CPU.Build.0 = Release|Any CPU
		{13C56C12-FB83-48EA-8CAF-0860CBB85138}.Debug|Any CPU.ActiveCfg = Debug|Any CPU
		{13C56C12-FB83-48EA-8CAF-0860CBB85138}.Debug|Any CPU.Build.0 = Debug|Any CPU
		{13C56C12-FB83-48EA-8CAF-0860CBB85138}.Release|Any CPU.ActiveCfg = Release|Any CPU
		{13C56C12-FB83-48EA-8CAF-0860CBB85138}.Release|Any CPU.Build.0 = Release|Any CPU
		{6E2CC1E1-583D-4647-A6BD-266B25BD3FD2}.Debug|Any CPU.ActiveCfg = Debug|Any CPU
		{6E2CC1E1-583D-4647-A6BD-266B25BD3FD2}.Debug|Any CPU.Build.0 = Debug|Any CPU
		{6E2CC1E1-583D-4647-A6BD-266B25BD3FD2}.Release|Any CPU.ActiveCfg = Release|Any CPU
		{6E2CC1E1-583D-4647-A6BD-266B25BD3FD2}.Release|Any CPU.Build.0 = Release|Any CPU
		{2E52E329-3B7F-4538-BE56-D15B56DB8D4B}.Debug|Any CPU.ActiveCfg = Debug|Any CPU
		{2E52E329-3B7F-4538-BE56-D15B56DB8D4B}.Debug|Any CPU.Build.0 = Debug|Any CPU
		{2E52E329-3B7F-4538-BE56-D15B56DB8D4B}.Release|Any CPU.ActiveCfg = Release|Any CPU
		{2E52E329-3B7F-4538-BE56-D15B56DB8D4B}.Release|Any CPU.Build.0 = Release|Any CPU
	EndGlobalSection
	GlobalSection(SolutionProperties) = preSolution
		HideSolutionNode = FALSE
	EndGlobalSection
EndGlobal
